
Microsoft Visual Studio Solution File, Format Version 12.00
# Visual Studio Version 17
VisualStudioVersion = 17.10.35013.160
MinimumVisualStudioVersion = 10.0.40219.1
Project("{FAE04EC0-301F-11D3-BF4B-00C04F79EFBC}") = "MVC_Day1", "MVC_Day1.csproj", "{E893111A-18C1-4B41-81EF-36E918E93BC7}"
EndProject
Global
	GlobalSection(SolutionConfigurationPlatforms) = preSolution
		Debug|Any CPU = Debug|Any CPU
		Release|Any CPU = Release|Any CPU
	EndGlobalSection
	GlobalSection(ProjectConfigurationPlatforms) = postSolution
		{E893111A-18C1-4B41-81EF-36E918E93BC7}.Debug|Any CPU.ActiveCfg = Debug|Any CPU
		{E893111A-18C1-4B41-81EF-36E918E93BC7}.Debug|Any CPU.Build.0 = Debug|Any CPU
		{E893111A-18C1-4B41-81EF-36E918E93BC7}.Release|Any CPU.ActiveCfg = Release|Any CPU
		{E893111A-18C1-4B41-81EF-36E918E93BC7}.Release|Any CPU.Build.0 = Release|Any CPU
	EndGlobalSection
	GlobalSection(SolutionProperties) = preSolution
		HideSolutionNode = FALSE
	EndGlobalSection
	GlobalSection(ExtensibilityGlobals) = postSolution
		SolutionGuid = {BC86DBC0-E315-41CF-B9A2-202C7A0C6083}
	EndGlobalSection
EndGlobal
